
Microsoft Visual Studio Solution File, Format Version 12.00
# Visual Studio Version 16
VisualStudioVersion = 16.0.29215.179
MinimumVisualStudioVersion = 10.0.40219.1
Project("{FAE04EC0-301F-11D3-BF4B-00C04F79EFBC}") = "HangManGame", "HangManGame.csproj", "{7808A980-8EC5-48BF-8CD9-B1450766789A}"
EndProject
Global
	GlobalSection(SolutionConfigurationPlatforms) = preSolution
		Debug|Any CPU = Debug|Any CPU
		Release|Any CPU = Release|Any CPU
	EndGlobalSection
	GlobalSection(ProjectConfigurationPlatforms) = postSolution
		{7808A980-8EC5-48BF-8CD9-B1450766789A}.Debug|Any CPU.ActiveCfg = Debug|Any CPU
		{7808A980-8EC5-48BF-8CD9-B1450766789A}.Debug|Any CPU.Build.0 = Debug|Any CPU
		{7808A980-8EC5-48BF-8CD9-B1450766789A}.Release|Any CPU.ActiveCfg = Release|Any CPU
		{7808A980-8EC5-48BF-8CD9-B1450766789A}.Release|Any CPU.Build.0 = Release|Any CPU
	EndGlobalSection
	GlobalSection(SolutionProperties) = preSolution
		HideSolutionNode = FALSE
	EndGlobalSection
	GlobalSection(ExtensibilityGlobals) = postSolution
		SolutionGuid = {4A741AEC-F088-4DDF-ABF2-C57A94BDA0CE}
	EndGlobalSection
EndGlobal
